
Microsoft Visual Studio Solution File, Format Version 12.00
# Visual Studio Version 17
VisualStudioVersion = 17.4.33205.214
MinimumVisualStudioVersion = 10.0.40219.1
Project("{FAE04EC0-301F-11D3-BF4B-00C04F79EFBC}") = "HelperMethods", "HelperMethods\HelperMethods.csproj", "{7A41038C-5AD8-4BDB-82FA-0FAEB46A8E4E}"
EndProject
Global
	GlobalSection(SolutionConfigurationPlatforms) = preSolution
		Debug|Any CPU = Debug|Any CPU
		Release|Any CPU = Release|Any CPU
	EndGlobalSection
	GlobalSection(ProjectConfigurationPlatforms) = postSolution
		{7A41038C-5AD8-4BDB-82FA-0FAEB46A8E4E}.Debug|Any CPU.ActiveCfg = Debug|Any CPU
		{7A41038C-5AD8-4BDB-82FA-0FAEB46A8E4E}.Debug|Any CPU.Build.0 = Debug|Any CPU
		{7A41038C-5AD8-4BDB-82FA-0FAEB46A8E4E}.Release|Any CPU.ActiveCfg = Release|Any CPU
		{7A41038C-5AD8-4BDB-82FA-0FAEB46A8E4E}.Release|Any CPU.Build.0 = Release|Any CPU
	EndGlobalSection
	GlobalSection(SolutionProperties) = preSolution
		HideSolutionNode = FALSE
	EndGlobalSection
	GlobalSection(ExtensibilityGlobals) = postSolution
		SolutionGuid = {5003DCDD-3708-4255-8C09-85EA4A5E0F20}
	EndGlobalSection
EndGlobal
