
Microsoft Visual Studio Solution File, Format Version 12.00
# Visual Studio Version 17
VisualStudioVersion = 17.4.33205.214
MinimumVisualStudioVersion = 10.0.40219.1
Project("{FAE04EC0-301F-11D3-BF4B-00C04F79EFBC}") = "oop-adventure", "oop-adventure\oop-adventure.csproj", "{BD41BA8A-F568-48A0-8698-944271090065}"
EndProject
Global
	GlobalSection(SolutionConfigurationPlatforms) = preSolution
		Debug|Any CPU = Debug|Any CPU
		Release|Any CPU = Release|Any CPU
	EndGlobalSection
	GlobalSection(ProjectConfigurationPlatforms) = postSolution
		{BD41BA8A-F568-48A0-8698-944271090065}.Debug|Any CPU.ActiveCfg = Debug|Any CPU
		{BD41BA8A-F568-48A0-8698-944271090065}.Debug|Any CPU.Build.0 = Debug|Any CPU
		{BD41BA8A-F568-48A0-8698-944271090065}.Release|Any CPU.ActiveCfg = Release|Any CPU
		{BD41BA8A-F568-48A0-8698-944271090065}.Release|Any CPU.Build.0 = Release|Any CPU
	EndGlobalSection
	GlobalSection(SolutionProperties) = preSolution
		HideSolutionNode = FALSE
	EndGlobalSection
	GlobalSection(ExtensibilityGlobals) = postSolution
		SolutionGuid = {464AF1A2-9D07-46CB-BE6D-D5CCDED71C68}
	EndGlobalSection
EndGlobal
