
Microsoft Visual Studio Solution File, Format Version 12.00
# Visual Studio Version 17
VisualStudioVersion = 17.4.33205.214
MinimumVisualStudioVersion = 10.0.40219.1
Project("{FAE04EC0-301F-11D3-BF4B-00C04F79EFBC}") = "Descisions", "Descisions\Descisions.csproj", "{D615D0F5-46A1-4C62-A830-7CAB9797D513}"
EndProject
Global
	GlobalSection(SolutionConfigurationPlatforms) = preSolution
		Debug|Any CPU = Debug|Any CPU
		Release|Any CPU = Release|Any CPU
	EndGlobalSection
	GlobalSection(ProjectConfigurationPlatforms) = postSolution
		{D615D0F5-46A1-4C62-A830-7CAB9797D513}.Debug|Any CPU.ActiveCfg = Debug|Any CPU
		{D615D0F5-46A1-4C62-A830-7CAB9797D513}.Debug|Any CPU.Build.0 = Debug|Any CPU
		{D615D0F5-46A1-4C62-A830-7CAB9797D513}.Release|Any CPU.ActiveCfg = Release|Any CPU
		{D615D0F5-46A1-4C62-A830-7CAB9797D513}.Release|Any CPU.Build.0 = Release|Any CPU
	EndGlobalSection
	GlobalSection(SolutionProperties) = preSolution
		HideSolutionNode = FALSE
	EndGlobalSection
	GlobalSection(ExtensibilityGlobals) = postSolution
		SolutionGuid = {37C93BDF-6F93-4FB9-A0F0-DBA064068D83}
	EndGlobalSection
EndGlobal
