
Microsoft Visual Studio Solution File, Format Version 12.00
# Visual Studio Version 17
VisualStudioVersion = 17.4.33205.214
MinimumVisualStudioVersion = 10.0.40219.1
Project("{FAE04EC0-301F-11D3-BF4B-00C04F79EFBC}") = "HelloWorld", "HelloWorld\HelloWorld.csproj", "{FA6B5BA8-6464-4978-AA71-825CFC2B47F1}"
EndProject
Global
	GlobalSection(SolutionConfigurationPlatforms) = preSolution
		Debug|Any CPU = Debug|Any CPU
		Release|Any CPU = Release|Any CPU
	EndGlobalSection
	GlobalSection(ProjectConfigurationPlatforms) = postSolution
		{FA6B5BA8-6464-4978-AA71-825CFC2B47F1}.Debug|Any CPU.ActiveCfg = Debug|Any CPU
		{FA6B5BA8-6464-4978-AA71-825CFC2B47F1}.Debug|Any CPU.Build.0 = Debug|Any CPU
		{FA6B5BA8-6464-4978-AA71-825CFC2B47F1}.Release|Any CPU.ActiveCfg = Release|Any CPU
		{FA6B5BA8-6464-4978-AA71-825CFC2B47F1}.Release|Any CPU.Build.0 = Release|Any CPU
	EndGlobalSection
	GlobalSection(SolutionProperties) = preSolution
		HideSolutionNode = FALSE
	EndGlobalSection
	GlobalSection(ExtensibilityGlobals) = postSolution
		SolutionGuid = {35C7D1D6-A6F3-4774-9F70-53D42D12CD5E}
	EndGlobalSection
EndGlobal
