
Microsoft Visual Studio Solution File, Format Version 12.00
# Visual Studio Version 17
VisualStudioVersion = 17.4.33205.214
MinimumVisualStudioVersion = 10.0.40219.1
Project("{FAE04EC0-301F-11D3-BF4B-00C04F79EFBC}") = "HelloFromCSharp", "HelloFromCSharp\HelloFromCSharp.csproj", "{59D38D9E-B95C-4168-A812-90964BB8797F}"
EndProject
Global
	GlobalSection(SolutionConfigurationPlatforms) = preSolution
		Debug|Any CPU = Debug|Any CPU
		Release|Any CPU = Release|Any CPU
	EndGlobalSection
	GlobalSection(ProjectConfigurationPlatforms) = postSolution
		{59D38D9E-B95C-4168-A812-90964BB8797F}.Debug|Any CPU.ActiveCfg = Debug|Any CPU
		{59D38D9E-B95C-4168-A812-90964BB8797F}.Debug|Any CPU.Build.0 = Debug|Any CPU
		{59D38D9E-B95C-4168-A812-90964BB8797F}.Release|Any CPU.ActiveCfg = Release|Any CPU
		{59D38D9E-B95C-4168-A812-90964BB8797F}.Release|Any CPU.Build.0 = Release|Any CPU
	EndGlobalSection
	GlobalSection(SolutionProperties) = preSolution
		HideSolutionNode = FALSE
	EndGlobalSection
	GlobalSection(ExtensibilityGlobals) = postSolution
		SolutionGuid = {88C6C943-6025-4602-882F-4E77994E6444}
	EndGlobalSection
EndGlobal
